// !$*UTF8*$!
{
	archiveVersion = 1;
	classes = {
	};
	objectVersion = 77;
	objects = {

/* Begin PBXBuildFile section */
		0906E89D6E638B96E436AC72 /* MemoryFeed.swift in Sources */ = {isa = PBXBuildFile; fileRef = 5E2F967BC708A1951B3DD3EB /* MemoryFeed.swift */; };
		0E64E4277903910FC23EC0F5 /* StorySessionModel.swift in Sources */ = {isa = PBXBuildFile; fileRef = 953337D52D8E3EC571696520 /* StorySessionModel.swift */; };
		14701D84188598E722FFDF5B /* StoryTypeSelectionView.swift in Sources */ = {isa = PBXBuildFile; fileRef = EC927427CDC671CCB17E4F86 /* StoryTypeSelectionView.swift */; };
		1DC33DD99B6D46EB8230836A /* DrawingCanvas.swift in Sources */ = {isa = PBXBuildFile; fileRef = 2E0D14129B6FE7EAA116365D /* DrawingCanvas.swift */; };
		1E9A5F503DB52AC160A48B7A /* StorySession.swift in Sources */ = {isa = PBXBuildFile; fileRef = D84680CFF2800C83220F6CE9 /* StorySession.swift */; };
		26F72BED3B2EADD74D63520F /* DrawingToolbar.swift in Sources */ = {isa = PBXBuildFile; fileRef = 3E893068FC20D755E8492104 /* DrawingToolbar.swift */; };
		2AA491987DED4E03EE1AF8FA /* OpenAIImageProvider.swift in Sources */ = {isa = PBXBuildFile; fileRef = 90F59ACA6BD9280F9BF4FEA4 /* OpenAIImageProvider.swift */; };
		314025B98822A48DC4946D6F /* StoryPersistence.swift in Sources */ = {isa = PBXBuildFile; fileRef = A435657908AFFE70835A4F35 /* StoryPersistence.swift */; };
		3F29662475E20ADDA5E72E46 /* DrawingView.swift in Sources */ = {isa = PBXBuildFile; fileRef = B3C0105277431EE692E95CBC /* DrawingView.swift */; };
		4300F70FCB1572F4ADF5F4CC /* StoryModel.swift in Sources */ = {isa = PBXBuildFile; fileRef = C4C411033AFD9F4431E5907A /* StoryModel.swift */; };
		459C077B0317AD3E66F5B324 /* MLXLLM in Frameworks */ = {isa = PBXBuildFile; productRef = 9CB6DA3920362ACD10599CB4 /* MLXLLM */; };
		5DDB9B8D002EA22423971DDA /* SingleCallPrompt.swift in Sources */ = {isa = PBXBuildFile; fileRef = DA9C9D8C3D575CD048C71320 /* SingleCallPrompt.swift */; };
		62756320CC991E02874FF518 /* ProviderConfig.swift in Sources */ = {isa = PBXBuildFile; fileRef = 956F24FBB847D68EF56E7C15 /* ProviderConfig.swift */; };
		677F38EC40ABEED4078D5B5A /* ImageRevealView.swift in Sources */ = {isa = PBXBuildFile; fileRef = C793A70A9B2894B78367A6ED /* ImageRevealView.swift */; };
		7E302ACCBA8B19E95EEAABA5 /* Chapter.swift in Sources */ = {isa = PBXBuildFile; fileRef = 461EDA8374AFCB7E7EECA26D /* Chapter.swift */; };
		94AD2F7683AE28C60D882C57 /* Assets.xcassets in Resources */ = {isa = PBXBuildFile; fileRef = 22BA5A2A733F3CA82FAFFA61 /* Assets.xcassets */; };
		957960152D5A30F66E221198 /* OpenAITextProvider.swift in Sources */ = {isa = PBXBuildFile; fileRef = 7914CA9A7BAB7B4E00C270FF /* OpenAITextProvider.swift */; };
		9DF7E1A1A76815CBA04DEFAA /* TextGenerationProvider.swift in Sources */ = {isa = PBXBuildFile; fileRef = 02569836FF0C55C061C2E9B9 /* TextGenerationProvider.swift */; };
		A0DDEAC423249A607AE8554D /* SceneModel.swift in Sources */ = {isa = PBXBuildFile; fileRef = 4EB32ABF9B9D23D06B7E4938 /* SceneModel.swift */; };
		A56BB6229DA767065F262420 /* PromptTemplates.swift in Sources */ = {isa = PBXBuildFile; fileRef = E6C93101FD615AB3AB4EEBC7 /* PromptTemplates.swift */; };
		A7C4B96DD7358838136BC07E /* ThinkingTextView.swift in Sources */ = {isa = PBXBuildFile; fileRef = 6F73F6CD96021C72268AD5F1 /* ThinkingTextView.swift */; };
		A9FD6DB1FF28BE34E334DE7B /* StoryFlowCoordinator.swift in Sources */ = {isa = PBXBuildFile; fileRef = B42C4BB383788C35FBDFF0DA /* StoryFlowCoordinator.swift */; };
		AF4027E7C96FA7DF1E5A7C6E /* PlaygroundImageProvider.swift in Sources */ = {isa = PBXBuildFile; fileRef = F3234F2977147DD354E92F14 /* PlaygroundImageProvider.swift */; };
		B1532DE2190DFE57F88A675D /* StoryEngine.swift in Sources */ = {isa = PBXBuildFile; fileRef = 4C288349DA8D41A808A310EA /* StoryEngine.swift */; };
		B4396018116B912B809081E7 /* ImageGenerationService.swift in Sources */ = {isa = PBXBuildFile; fileRef = A040FEFBA8BA446AF7F04A88 /* ImageGenerationService.swift */; };
		BF60915769BC14827F634C13 /* StoryType.swift in Sources */ = {isa = PBXBuildFile; fileRef = B66DBBA1AD1ACA5FCFBFC92C /* StoryType.swift */; };
		C4179D1ED22A69A46DB65B35 /* SingleCallStoryEngine.swift in Sources */ = {isa = PBXBuildFile; fileRef = 0F166C0371DC0EEF70099CD6 /* SingleCallStoryEngine.swift */; };
		D4F221FA97B22DF787C77A16 /* Story.swift in Sources */ = {isa = PBXBuildFile; fileRef = 9861F2C8B3E2DAE4E71E059D /* Story.swift */; };
		D69B52C0F83FB3FF7EF11505 /* TypewriterText.swift in Sources */ = {isa = PBXBuildFile; fileRef = 305823839BD91DA5077082CD /* TypewriterText.swift */; };
		E6BEFEAEAF7E913AEB8ACEC5 /* ImageGenerationProvider.swift in Sources */ = {isa = PBXBuildFile; fileRef = B5E518E5D32DE72A397C4503 /* ImageGenerationProvider.swift */; };
		E79BF6288F3EF7554CB4CCEF /* ScribbleTaleApp.swift in Sources */ = {isa = PBXBuildFile; fileRef = 3BD115533B35243726BFAD78 /* ScribbleTaleApp.swift */; };
		EA8053644EDCA0237A2E54FA /* IntroductionView.swift in Sources */ = {isa = PBXBuildFile; fileRef = 30F60A02A38774EF1722CAA6 /* IntroductionView.swift */; };
		EEF8162034C23CFF225E46CA /* MLXLMCommon in Frameworks */ = {isa = PBXBuildFile; productRef = 562DB8F13D01DAD1BFA9A74C /* MLXLMCommon */; };
		F0B35116AC9A9275D240C757 /* MLXTextProvider.swift in Sources */ = {isa = PBXBuildFile; fileRef = 505787D839B12B9F9C7CC272 /* MLXTextProvider.swift */; };
		F3B7AD1FD76A0C8E4156C98E /* StoryTypeCard.swift in Sources */ = {isa = PBXBuildFile; fileRef = 790D91EB811D55C1314751E1 /* StoryTypeCard.swift */; };
		F50582C44054F3708D842DAA /* SettingsSheet.swift in Sources */ = {isa = PBXBuildFile; fileRef = 42B85DE2F691993D58E70862 /* SettingsSheet.swift */; };
		F5F8376220793ABE9D59D6C7 /* CoherenceGuard.swift in Sources */ = {isa = PBXBuildFile; fileRef = 0CBDD33EEB1FFBFC77691A06 /* CoherenceGuard.swift */; };
		FE5D6DEE33D799F26266B7B0 /* StoryCompleteView.swift in Sources */ = {isa = PBXBuildFile; fileRef = 15B9D2AAF93C21CD10237798 /* StoryCompleteView.swift */; };
/* End PBXBuildFile section */

/* Begin PBXFileReference section */
		02569836FF0C55C061C2E9B9 /* TextGenerationProvider.swift */ = {isa = PBXFileReference; lastKnownFileType = sourcecode.swift; path = TextGenerationProvider.swift; sourceTree = "<group>"; };
		0CBDD33EEB1FFBFC77691A06 /* CoherenceGuard.swift */ = {isa = PBXFileReference; lastKnownFileType = sourcecode.swift; path = CoherenceGuard.swift; sourceTree = "<group>"; };
		0F166C0371DC0EEF70099CD6 /* SingleCallStoryEngine.swift */ = {isa = PBXFileReference; lastKnownFileType = sourcecode.swift; path = SingleCallStoryEngine.swift; sourceTree = "<group>"; };
		15B9D2AAF93C21CD10237798 /* StoryCompleteView.swift */ = {isa = PBXFileReference; lastKnownFileType = sourcecode.swift; path = StoryCompleteView.swift; sourceTree = "<group>"; };
		22BA5A2A733F3CA82FAFFA61 /* Assets.xcassets */ = {isa = PBXFileReference; lastKnownFileType = folder.assetcatalog; path = Assets.xcassets; sourceTree = "<group>"; };
		2E0D14129B6FE7EAA116365D /* DrawingCanvas.swift */ = {isa = PBXFileReference; lastKnownFileType = sourcecode.swift; path = DrawingCanvas.swift; sourceTree = "<group>"; };
		305823839BD91DA5077082CD /* TypewriterText.swift */ = {isa = PBXFileReference; lastKnownFileType = sourcecode.swift; path = TypewriterText.swift; sourceTree = "<group>"; };
		30F60A02A38774EF1722CAA6 /* IntroductionView.swift */ = {isa = PBXFileReference; lastKnownFileType = sourcecode.swift; path = IntroductionView.swift; sourceTree = "<group>"; };
		3BD115533B35243726BFAD78 /* ScribbleTaleApp.swift */ = {isa = PBXFileReference; lastKnownFileType = sourcecode.swift; path = ScribbleTaleApp.swift; sourceTree = "<group>"; };
		3E893068FC20D755E8492104 /* DrawingToolbar.swift */ = {isa = PBXFileReference; lastKnownFileType = sourcecode.swift; path = DrawingToolbar.swift; sourceTree = "<group>"; };
		42B85DE2F691993D58E70862 /* SettingsSheet.swift */ = {isa = PBXFileReference; lastKnownFileType = sourcecode.swift; path = SettingsSheet.swift; sourceTree = "<group>"; };
		461EDA8374AFCB7E7EECA26D /* Chapter.swift */ = {isa = PBXFileReference; lastKnownFileType = sourcecode.swift; path = Chapter.swift; sourceTree = "<group>"; };
		4C288349DA8D41A808A310EA /* StoryEngine.swift */ = {isa = PBXFileReference; lastKnownFileType = sourcecode.swift; path = StoryEngine.swift; sourceTree = "<group>"; };
		4EB32ABF9B9D23D06B7E4938 /* SceneModel.swift */ = {isa = PBXFileReference; lastKnownFileType = sourcecode.swift; path = SceneModel.swift; sourceTree = "<group>"; };
		505787D839B12B9F9C7CC272 /* MLXTextProvider.swift */ = {isa = PBXFileReference; lastKnownFileType = sourcecode.swift; path = MLXTextProvider.swift; sourceTree = "<group>"; };
		5E2F967BC708A1951B3DD3EB /* MemoryFeed.swift */ = {isa = PBXFileReference; lastKnownFileType = sourcecode.swift; path = MemoryFeed.swift; sourceTree = "<group>"; };
		6F73F6CD96021C72268AD5F1 /* ThinkingTextView.swift */ = {isa = PBXFileReference; lastKnownFileType = sourcecode.swift; path = ThinkingTextView.swift; sourceTree = "<group>"; };
		790D91EB811D55C1314751E1 /* StoryTypeCard.swift */ = {isa = PBXFileReference; lastKnownFileType = sourcecode.swift; path = StoryTypeCard.swift; sourceTree = "<group>"; };
		7914CA9A7BAB7B4E00C270FF /* OpenAITextProvider.swift */ = {isa = PBXFileReference; lastKnownFileType = sourcecode.swift; path = OpenAITextProvider.swift; sourceTree = "<group>"; };
		90F59ACA6BD9280F9BF4FEA4 /* OpenAIImageProvider.swift */ = {isa = PBXFileReference; lastKnownFileType = sourcecode.swift; path = OpenAIImageProvider.swift; sourceTree = "<group>"; };
		92B57EDA0559ECC49F20AE51 /* ScribbleTale.app */ = {isa = PBXFileReference; includeInIndex = 0; lastKnownFileType = wrapper.application; path = ScribbleTale.app; sourceTree = BUILT_PRODUCTS_DIR; };
		953337D52D8E3EC571696520 /* StorySessionModel.swift */ = {isa = PBXFileReference; lastKnownFileType = sourcecode.swift; path = StorySessionModel.swift; sourceTree = "<group>"; };
		956F24FBB847D68EF56E7C15 /* ProviderConfig.swift */ = {isa = PBXFileReference; lastKnownFileType = sourcecode.swift; path = ProviderConfig.swift; sourceTree = "<group>"; };
		9861F2C8B3E2DAE4E71E059D /* Story.swift */ = {isa = PBXFileReference; lastKnownFileType = sourcecode.swift; path = Story.swift; sourceTree = "<group>"; };
		A040FEFBA8BA446AF7F04A88 /* ImageGenerationService.swift */ = {isa = PBXFileReference; lastKnownFileType = sourcecode.swift; path = ImageGenerationService.swift; sourceTree = "<group>"; };
		A435657908AFFE70835A4F35 /* StoryPersistence.swift */ = {isa = PBXFileReference; lastKnownFileType = sourcecode.swift; path = StoryPersistence.swift; sourceTree = "<group>"; };
		B3C0105277431EE692E95CBC /* DrawingView.swift */ = {isa = PBXFileReference; lastKnownFileType = sourcecode.swift; path = DrawingView.swift; sourceTree = "<group>"; };
		B42C4BB383788C35FBDFF0DA /* StoryFlowCoordinator.swift */ = {isa = PBXFileReference; lastKnownFileType = sourcecode.swift; path = StoryFlowCoordinator.swift; sourceTree = "<group>"; };
		B5E518E5D32DE72A397C4503 /* ImageGenerationProvider.swift */ = {isa = PBXFileReference; lastKnownFileType = sourcecode.swift; path = ImageGenerationProvider.swift; sourceTree = "<group>"; };
		B66DBBA1AD1ACA5FCFBFC92C /* StoryType.swift */ = {isa = PBXFileReference; lastKnownFileType = sourcecode.swift; path = StoryType.swift; sourceTree = "<group>"; };
		C4C411033AFD9F4431E5907A /* StoryModel.swift */ = {isa = PBXFileReference; lastKnownFileType = sourcecode.swift; path = StoryModel.swift; sourceTree = "<group>"; };
		C793A70A9B2894B78367A6ED /* ImageRevealView.swift */ = {isa = PBXFileReference; lastKnownFileType = sourcecode.swift; path = ImageRevealView.swift; sourceTree = "<group>"; };
		CB2789C8754B616F7A17EF8C /* Info.plist */ = {isa = PBXFileReference; lastKnownFileType = text.plist; path = Info.plist; sourceTree = "<group>"; };
		D84680CFF2800C83220F6CE9 /* StorySession.swift */ = {isa = PBXFileReference; lastKnownFileType = sourcecode.swift; path = StorySession.swift; sourceTree = "<group>"; };
		D9B36123AF1736B42CA634B3 /* ScribbleTale.entitlements */ = {isa = PBXFileReference; lastKnownFileType = text.plist.entitlements; path = ScribbleTale.entitlements; sourceTree = "<group>"; };
		DA9C9D8C3D575CD048C71320 /* SingleCallPrompt.swift */ = {isa = PBXFileReference; lastKnownFileType = sourcecode.swift; path = SingleCallPrompt.swift; sourceTree = "<group>"; };
		E6C93101FD615AB3AB4EEBC7 /* PromptTemplates.swift */ = {isa = PBXFileReference; lastKnownFileType = sourcecode.swift; path = PromptTemplates.swift; sourceTree = "<group>"; };
		EC927427CDC671CCB17E4F86 /* StoryTypeSelectionView.swift */ = {isa = PBXFileReference; lastKnownFileType = sourcecode.swift; path = StoryTypeSelectionView.swift; sourceTree = "<group>"; };
		EE9DC20D1CAE65DA75919122 /* Preview Assets.xcassets */ = {isa = PBXFileReference; lastKnownFileType = folder.assetcatalog; path = "Preview Assets.xcassets"; sourceTree = "<group>"; };
		F3234F2977147DD354E92F14 /* PlaygroundImageProvider.swift */ = {isa = PBXFileReference; lastKnownFileType = sourcecode.swift; path = PlaygroundImageProvider.swift; sourceTree = "<group>"; };
/* End PBXFileReference section */

/* Begin PBXFrameworksBuildPhase section */
		C6C83700E7E3C15A6BF5FE4A /* Frameworks */ = {
			isa = PBXFrameworksBuildPhase;
			buildActionMask = 2147483647;
			files = (
				459C077B0317AD3E66F5B324 /* MLXLLM in Frameworks */,
				EEF8162034C23CFF225E46CA /* MLXLMCommon in Frameworks */,
			);
			runOnlyForDeploymentPostprocessing = 0;
		};
/* End PBXFrameworksBuildPhase section */

/* Begin PBXGroup section */
		0112BFC46601044173ECB434 = {
			isa = PBXGroup;
			children = (
				93BD739A44E038AF0103A5D2 /* Preview Content */,
				60D5506738838446DFD3D85F /* ScribbleTale */,
				2FA080CFC0F6BA999D9AC67D /* Products */,
			);
			sourceTree = "<group>";
		};
		1F67E44D1E91A77D818BCBF2 /* Services */ = {
			isa = PBXGroup;
			children = (
				0CBDD33EEB1FFBFC77691A06 /* CoherenceGuard.swift */,
				A040FEFBA8BA446AF7F04A88 /* ImageGenerationService.swift */,
				5E2F967BC708A1951B3DD3EB /* MemoryFeed.swift */,
				E6C93101FD615AB3AB4EEBC7 /* PromptTemplates.swift */,
				DA9C9D8C3D575CD048C71320 /* SingleCallPrompt.swift */,
				0F166C0371DC0EEF70099CD6 /* SingleCallStoryEngine.swift */,
				4C288349DA8D41A808A310EA /* StoryEngine.swift */,
				524C006BBCDF3267A123C0E1 /* Providers */,
			);
			path = Services;
			sourceTree = "<group>";
		};
		217C0C74357A7DFAF88338E0 /* Models */ = {
			isa = PBXGroup;
			children = (
				461EDA8374AFCB7E7EECA26D /* Chapter.swift */,
				956F24FBB847D68EF56E7C15 /* ProviderConfig.swift */,
				9861F2C8B3E2DAE4E71E059D /* Story.swift */,
				C4C411033AFD9F4431E5907A /* StoryModel.swift */,
				D84680CFF2800C83220F6CE9 /* StorySession.swift */,
				B66DBBA1AD1ACA5FCFBFC92C /* StoryType.swift */,
			);
			path = Models;
			sourceTree = "<group>";
		};
		2FA080CFC0F6BA999D9AC67D /* Products */ = {
			isa = PBXGroup;
			children = (
				92B57EDA0559ECC49F20AE51 /* ScribbleTale.app */,
			);
			name = Products;
			sourceTree = "<group>";
		};
		524C006BBCDF3267A123C0E1 /* Providers */ = {
			isa = PBXGroup;
			children = (
				B5E518E5D32DE72A397C4503 /* ImageGenerationProvider.swift */,
				505787D839B12B9F9C7CC272 /* MLXTextProvider.swift */,
				90F59ACA6BD9280F9BF4FEA4 /* OpenAIImageProvider.swift */,
				7914CA9A7BAB7B4E00C270FF /* OpenAITextProvider.swift */,
				F3234F2977147DD354E92F14 /* PlaygroundImageProvider.swift */,
				02569836FF0C55C061C2E9B9 /* TextGenerationProvider.swift */,
			);
			path = Providers;
			sourceTree = "<group>";
		};
		60D5506738838446DFD3D85F /* ScribbleTale */ = {
			isa = PBXGroup;
			children = (
				CB2789C8754B616F7A17EF8C /* Info.plist */,
				D9B36123AF1736B42CA634B3 /* ScribbleTale.entitlements */,
				3BD115533B35243726BFAD78 /* ScribbleTaleApp.swift */,
				D34AE87273F5E9C3E3FD8E53 /* Components */,
				217C0C74357A7DFAF88338E0 /* Models */,
				D315A591323234EF3A17AC80 /* Navigation */,
				AD3A1B0A2920889D83F5779D /* Persistence */,
				E2A049A324CECBAFF183A293 /* Resources */,
				1F67E44D1E91A77D818BCBF2 /* Services */,
				9FC5FC8B48C68986674B6CC6 /* Views */,
			);
			path = ScribbleTale;
			sourceTree = "<group>";
		};
		93BD739A44E038AF0103A5D2 /* Preview Content */ = {
			isa = PBXGroup;
			children = (
				EE9DC20D1CAE65DA75919122 /* Preview Assets.xcassets */,
			);
			name = "Preview Content";
			path = "ScribbleTale/Preview Content";
			sourceTree = "<group>";
		};
		9FC5FC8B48C68986674B6CC6 /* Views */ = {
			isa = PBXGroup;
			children = (
				B3C0105277431EE692E95CBC /* DrawingView.swift */,
				C793A70A9B2894B78367A6ED /* ImageRevealView.swift */,
				30F60A02A38774EF1722CAA6 /* IntroductionView.swift */,
				42B85DE2F691993D58E70862 /* SettingsSheet.swift */,
				15B9D2AAF93C21CD10237798 /* StoryCompleteView.swift */,
				EC927427CDC671CCB17E4F86 /* StoryTypeSelectionView.swift */,
			);
			path = Views;
			sourceTree = "<group>";
		};
		AD3A1B0A2920889D83F5779D /* Persistence */ = {
			isa = PBXGroup;
			children = (
				4EB32ABF9B9D23D06B7E4938 /* SceneModel.swift */,
				A435657908AFFE70835A4F35 /* StoryPersistence.swift */,
				953337D52D8E3EC571696520 /* StorySessionModel.swift */,
			);
			path = Persistence;
			sourceTree = "<group>";
		};
		D315A591323234EF3A17AC80 /* Navigation */ = {
			isa = PBXGroup;
			children = (
				B42C4BB383788C35FBDFF0DA /* StoryFlowCoordinator.swift */,
			);
			path = Navigation;
			sourceTree = "<group>";
		};
		D34AE87273F5E9C3E3FD8E53 /* Components */ = {
			isa = PBXGroup;
			children = (
				2E0D14129B6FE7EAA116365D /* DrawingCanvas.swift */,
				3E893068FC20D755E8492104 /* DrawingToolbar.swift */,
				790D91EB811D55C1314751E1 /* StoryTypeCard.swift */,
				6F73F6CD96021C72268AD5F1 /* ThinkingTextView.swift */,
				305823839BD91DA5077082CD /* TypewriterText.swift */,
			);
			path = Components;
			sourceTree = "<group>";
		};
		E2A049A324CECBAFF183A293 /* Resources */ = {
			isa = PBXGroup;
			children = (
				22BA5A2A733F3CA82FAFFA61 /* Assets.xcassets */,
			);
			path = Resources;
			sourceTree = "<group>";
		};
/* End PBXGroup section */

/* Begin PBXNativeTarget section */
		AB65CD88BB30CF14EAAC2759 /* ScribbleTale */ = {
			isa = PBXNativeTarget;
			buildConfigurationList = 2DFD2C7681B949339A95EB6F /* Build configuration list for PBXNativeTarget "ScribbleTale" */;
			buildPhases = (
				785FDF75B0BD5419EAF2CA61 /* Sources */,
				D39842D304C4AD1155AA694F /* Resources */,
				C6C83700E7E3C15A6BF5FE4A /* Frameworks */,
			);
			buildRules = (
			);
			dependencies = (
			);
			name = ScribbleTale;
			packageProductDependencies = (
				9CB6DA3920362ACD10599CB4 /* MLXLLM */,
				562DB8F13D01DAD1BFA9A74C /* MLXLMCommon */,
			);
			productName = ScribbleTale;
			productReference = 92B57EDA0559ECC49F20AE51 /* ScribbleTale.app */;
			productType = "com.apple.product-type.application";
		};
/* End PBXNativeTarget section */

/* Begin PBXProject section */
		43E1BFE224D3542C8AE2DC6F /* Project object */ = {
			isa = PBXProject;
			attributes = {
				BuildIndependentTargetsInParallel = YES;
				LastUpgradeCheck = 1620;
				TargetAttributes = {
					AB65CD88BB30CF14EAAC2759 = {
						DevelopmentTeam = YW3FCY33TJ;
					};
				};
			};
			buildConfigurationList = 98F3F658937E55792A1E57D6 /* Build configuration list for PBXProject "ScribbleTale" */;
			developmentRegion = en;
			hasScannedForEncodings = 0;
			knownRegions = (
				Base,
				en,
			);
			mainGroup = 0112BFC46601044173ECB434;
			minimizedProjectReferenceProxies = 1;
			packageReferences = (
				60D1A529753C24BE1E43F3C0 /* XCRemoteSwiftPackageReference "mlx-swift-lm" */,
			);
			preferredProjectObjectVersion = 77;
			productRefGroup = 2FA080CFC0F6BA999D9AC67D /* Products */;
			projectDirPath = "";
			projectRoot = "";
			targets = (
				AB65CD88BB30CF14EAAC2759 /* ScribbleTale */,
			);
		};
/* End PBXProject section */

/* Begin PBXResourcesBuildPhase section */
		D39842D304C4AD1155AA694F /* Resources */ = {
			isa = PBXResourcesBuildPhase;
			buildActionMask = 2147483647;
			files = (
				94AD2F7683AE28C60D882C57 /* Assets.xcassets in Resources */,
			);
			runOnlyForDeploymentPostprocessing = 0;
		};
/* End PBXResourcesBuildPhase section */

/* Begin PBXSourcesBuildPhase section */
		785FDF75B0BD5419EAF2CA61 /* Sources */ = {
			isa = PBXSourcesBuildPhase;
			buildActionMask = 2147483647;
			files = (
				7E302ACCBA8B19E95EEAABA5 /* Chapter.swift in Sources */,
				F5F8376220793ABE9D59D6C7 /* CoherenceGuard.swift in Sources */,
				1DC33DD99B6D46EB8230836A /* DrawingCanvas.swift in Sources */,
				26F72BED3B2EADD74D63520F /* DrawingToolbar.swift in Sources */,
				3F29662475E20ADDA5E72E46 /* DrawingView.swift in Sources */,
				E6BEFEAEAF7E913AEB8ACEC5 /* ImageGenerationProvider.swift in Sources */,
				B4396018116B912B809081E7 /* ImageGenerationService.swift in Sources */,
				677F38EC40ABEED4078D5B5A /* ImageRevealView.swift in Sources */,
				EA8053644EDCA0237A2E54FA /* IntroductionView.swift in Sources */,
				F0B35116AC9A9275D240C757 /* MLXTextProvider.swift in Sources */,
				0906E89D6E638B96E436AC72 /* MemoryFeed.swift in Sources */,
				2AA491987DED4E03EE1AF8FA /* OpenAIImageProvider.swift in Sources */,
				957960152D5A30F66E221198 /* OpenAITextProvider.swift in Sources */,
				AF4027E7C96FA7DF1E5A7C6E /* PlaygroundImageProvider.swift in Sources */,
				A56BB6229DA767065F262420 /* PromptTemplates.swift in Sources */,
				62756320CC991E02874FF518 /* ProviderConfig.swift in Sources */,
				A0DDEAC423249A607AE8554D /* SceneModel.swift in Sources */,
				E79BF6288F3EF7554CB4CCEF /* ScribbleTaleApp.swift in Sources */,
				F50582C44054F3708D842DAA /* SettingsSheet.swift in Sources */,
				5DDB9B8D002EA22423971DDA /* SingleCallPrompt.swift in Sources */,
				C4179D1ED22A69A46DB65B35 /* SingleCallStoryEngine.swift in Sources */,
				D4F221FA97B22DF787C77A16 /* Story.swift in Sources */,
				FE5D6DEE33D799F26266B7B0 /* StoryCompleteView.swift in Sources */,
				B1532DE2190DFE57F88A675D /* StoryEngine.swift in Sources */,
				A9FD6DB1FF28BE34E334DE7B /* StoryFlowCoordinator.swift in Sources */,
				4300F70FCB1572F4ADF5F4CC /* StoryModel.swift in Sources */,
				314025B98822A48DC4946D6F /* StoryPersistence.swift in Sources */,
				1E9A5F503DB52AC160A48B7A /* StorySession.swift in Sources */,
				0E64E4277903910FC23EC0F5 /* StorySessionModel.swift in Sources */,
				BF60915769BC14827F634C13 /* StoryType.swift in Sources */,
				F3B7AD1FD76A0C8E4156C98E /* StoryTypeCard.swift in Sources */,
				14701D84188598E722FFDF5B /* StoryTypeSelectionView.swift in Sources */,
				9DF7E1A1A76815CBA04DEFAA /* TextGenerationProvider.swift in Sources */,
				A7C4B96DD7358838136BC07E /* ThinkingTextView.swift in Sources */,
				D69B52C0F83FB3FF7EF11505 /* TypewriterText.swift in Sources */,
			);
			runOnlyForDeploymentPostprocessing = 0;
		};
/* End PBXSourcesBuildPhase section */

/* Begin XCBuildConfiguration section */
		2F4444EAD56B4468067322CD /* Release */ = {
			isa = XCBuildConfiguration;
			buildSettings = {
				ALWAYS_SEARCH_USER_PATHS = NO;
				CLANG_ANALYZER_NONNULL = YES;
				CLANG_ANALYZER_NUMBER_OBJECT_CONVERSION = YES_AGGRESSIVE;
				CLANG_CXX_LANGUAGE_STANDARD = "gnu++14";
				CLANG_CXX_LIBRARY = "libc++";
				CLANG_ENABLE_MODULES = YES;
				CLANG_ENABLE_OBJC_ARC = YES;
				CLANG_ENABLE_OBJC_WEAK = YES;
				CLANG_WARN_BLOCK_CAPTURE_AUTORELEASING = YES;
				CLANG_WARN_BOOL_CONVERSION = YES;
				CLANG_WARN_COMMA = YES;
				CLANG_WARN_CONSTANT_CONVERSION = YES;
				CLANG_WARN_DEPRECATED_OBJC_IMPLEMENTATIONS = YES;
				CLANG_WARN_DIRECT_OBJC_ISA_USAGE = YES_ERROR;
				CLANG_WARN_DOCUMENTATION_COMMENTS = YES;
				CLANG_WARN_EMPTY_BODY = YES;
				CLANG_WARN_ENUM_CONVERSION = YES;
				CLANG_WARN_INFINITE_RECURSION = YES;
				CLANG_WARN_INT_CONVERSION = YES;
				CLANG_WARN_NON_LITERAL_NULL_CONVERSION = YES;
				CLANG_WARN_OBJC_IMPLICIT_RETAIN_SELF = YES;
				CLANG_WARN_OBJC_LITERAL_CONVERSION = YES;
				CLANG_WARN_OBJC_ROOT_CLASS = YES_ERROR;
				CLANG_WARN_QUOTED_INCLUDE_IN_FRAMEWORK_HEADER = YES;
				CLANG_WARN_RANGE_LOOP_ANALYSIS = YES;
				CLANG_WARN_STRICT_PROTOTYPES = YES;
				CLANG_WARN_SUSPICIOUS_MOVE = YES;
				CLANG_WARN_UNGUARDED_AVAILABILITY = YES_AGGRESSIVE;
				CLANG_WARN_UNREACHABLE_CODE = YES;
				CLANG_WARN__DUPLICATE_METHOD_MATCH = YES;
				COPY_PHASE_STRIP = NO;
				DEBUG_INFORMATION_FORMAT = "dwarf-with-dsym";
				ENABLE_NS_ASSERTIONS = NO;
				ENABLE_STRICT_OBJC_MSGSEND = YES;
				GCC_C_LANGUAGE_STANDARD = gnu11;
				GCC_NO_COMMON_BLOCKS = YES;
				GCC_WARN_64_TO_32_BIT_CONVERSION = YES;
				GCC_WARN_ABOUT_RETURN_TYPE = YES_ERROR;
				GCC_WARN_UNDECLARED_SELECTOR = YES;
				GCC_WARN_UNINITIALIZED_AUTOS = YES_AGGRESSIVE;
				GCC_WARN_UNUSED_FUNCTION = YES;
				GCC_WARN_UNUSED_VARIABLE = YES;
				IPHONEOS_DEPLOYMENT_TARGET = 18.4;
				MTL_ENABLE_DEBUG_INFO = NO;
				MTL_FAST_MATH = YES;
				PRODUCT_NAME = "$(TARGET_NAME)";
				SDKROOT = iphoneos;
				SWIFT_COMPILATION_MODE = wholemodule;
				SWIFT_OPTIMIZATION_LEVEL = "-O";
				SWIFT_VERSION = 5.0;
			};
			name = Release;
		};
		43B7ECB6BF8E83DCF3F3C84E /* Debug */ = {
			isa = XCBuildConfiguration;
			buildSettings = {
				ASSETCATALOG_COMPILER_APPICON_NAME = AppIcon;
				ASSETCATALOG_COMPILER_GLOBAL_ACCENT_COLOR_NAME = AccentColor;
				CODE_SIGN_ENTITLEMENTS = ScribbleTale/ScribbleTale.entitlements;
				CODE_SIGN_IDENTITY = "iPhone Developer";
				CURRENT_PROJECT_VERSION = 5;
				DEVELOPMENT_ASSET_PATHS = "\"ScribbleTale/Preview Content\"";
				DEVELOPMENT_TEAM = YW3FCY33TJ;
				GENERATE_INFOPLIST_FILE = YES;
				INFOPLIST_FILE = ScribbleTale/Info.plist;
				INFOPLIST_KEY_CFBundleIconName = AppIcon;
				INFOPLIST_KEY_ITSAppUsesNonExemptEncryption = NO;
				INFOPLIST_KEY_UIApplicationSceneManifest_Generation = YES;
				INFOPLIST_KEY_UIApplicationSupportsIndirectInputEvents = YES;
				INFOPLIST_KEY_UILaunchScreen_Generation = YES;
				INFOPLIST_KEY_UISupportedInterfaceOrientations_iPad = "UIInterfaceOrientationPortrait UIInterfaceOrientationPortraitUpsideDown UIInterfaceOrientationLandscapeLeft UIInterfaceOrientationLandscapeRight";
				INFOPLIST_KEY_UISupportedInterfaceOrientations_iPhone = UIInterfaceOrientationPortrait;
				LD_RUNPATH_SEARCH_PATHS = (
					"$(inherited)",
					"@executable_path/Frameworks",
				);
				MARKETING_VERSION = 1.0.0;
				PRODUCT_BUNDLE_IDENTIFIER = com.scribbletale.app;
				SDKROOT = iphoneos;
				SWIFT_EMIT_LOC_STRINGS = YES;
				SWIFT_STRICT_CONCURRENCY = complete;
				SWIFT_VERSION = 6.0;
				TARGETED_DEVICE_FAMILY = "1,2";
			};
			name = Debug;
		};
		92196665F142A1E9740DE588 /* Debug */ = {
			isa = XCBuildConfiguration;
			buildSettings = {
				ALWAYS_SEARCH_USER_PATHS = NO;
				CLANG_ANALYZER_NONNULL = YES;
				CLANG_ANALYZER_NUMBER_OBJECT_CONVERSION = YES_AGGRESSIVE;
				CLANG_CXX_LANGUAGE_STANDARD = "gnu++14";
				CLANG_CXX_LIBRARY = "libc++";
				CLANG_ENABLE_MODULES = YES;
				CLANG_ENABLE_OBJC_ARC = YES;
				CLANG_ENABLE_OBJC_WEAK = YES;
				CLANG_WARN_BLOCK_CAPTURE_AUTORELEASING = YES;
				CLANG_WARN_BOOL_CONVERSION = YES;
				CLANG_WARN_COMMA = YES;
				CLANG_WARN_CONSTANT_CONVERSION = YES;
				CLANG_WARN_DEPRECATED_OBJC_IMPLEMENTATIONS = YES;
				CLANG_WARN_DIRECT_OBJC_ISA_USAGE = YES_ERROR;
				CLANG_WARN_DOCUMENTATION_COMMENTS = YES;
				CLANG_WARN_EMPTY_BODY = YES;
				CLANG_WARN_ENUM_CONVERSION = YES;
				CLANG_WARN_INFINITE_RECURSION = YES;
				CLANG_WARN_INT_CONVERSION = YES;
				CLANG_WARN_NON_LITERAL_NULL_CONVERSION = YES;
				CLANG_WARN_OBJC_IMPLICIT_RETAIN_SELF = YES;
				CLANG_WARN_OBJC_LITERAL_CONVERSION = YES;
				CLANG_WARN_OBJC_ROOT_CLASS = YES_ERROR;
				CLANG_WARN_QUOTED_INCLUDE_IN_FRAMEWORK_HEADER = YES;
				CLANG_WARN_RANGE_LOOP_ANALYSIS = YES;
				CLANG_WARN_STRICT_PROTOTYPES = YES;
				CLANG_WARN_SUSPICIOUS_MOVE = YES;
				CLANG_WARN_UNGUARDED_AVAILABILITY = YES_AGGRESSIVE;
				CLANG_WARN_UNREACHABLE_CODE = YES;
				CLANG_WARN__DUPLICATE_METHOD_MATCH = YES;
				COPY_PHASE_STRIP = NO;
				DEBUG_INFORMATION_FORMAT = dwarf;
				ENABLE_STRICT_OBJC_MSGSEND = YES;
				ENABLE_TESTABILITY = YES;
				GCC_C_LANGUAGE_STANDARD = gnu11;
				GCC_DYNAMIC_NO_PIC = NO;
				GCC_NO_COMMON_BLOCKS = YES;
				GCC_OPTIMIZATION_LEVEL = 0;
				GCC_PREPROCESSOR_DEFINITIONS = (
					"$(inherited)",
					"DEBUG=1",
				);
				GCC_WARN_64_TO_32_BIT_CONVERSION = YES;
				GCC_WARN_ABOUT_RETURN_TYPE = YES_ERROR;
				GCC_WARN_UNDECLARED_SELECTOR = YES;
				GCC_WARN_UNINITIALIZED_AUTOS = YES_AGGRESSIVE;
				GCC_WARN_UNUSED_FUNCTION = YES;
				GCC_WARN_UNUSED_VARIABLE = YES;
				IPHONEOS_DEPLOYMENT_TARGET = 18.4;
				MTL_ENABLE_DEBUG_INFO = INCLUDE_SOURCE;
				MTL_FAST_MATH = YES;
				ONLY_ACTIVE_ARCH = YES;
				PRODUCT_NAME = "$(TARGET_NAME)";
				SDKROOT = iphoneos;
				SWIFT_ACTIVE_COMPILATION_CONDITIONS = DEBUG;
				SWIFT_OPTIMIZATION_LEVEL = "-Onone";
				SWIFT_VERSION = 5.0;
			};
			name = Debug;
		};
		BC5356B8BB9E02E42D55B10C /* Release */ = {
			isa = XCBuildConfiguration;
			buildSettings = {
				ASSETCATALOG_COMPILER_APPICON_NAME = AppIcon;
				ASSETCATALOG_COMPILER_GLOBAL_ACCENT_COLOR_NAME = AccentColor;
				CODE_SIGN_ENTITLEMENTS = ScribbleTale/ScribbleTale.entitlements;
				CODE_SIGN_IDENTITY = "iPhone Developer";
				CURRENT_PROJECT_VERSION = 5;
				DEVELOPMENT_ASSET_PATHS = "\"ScribbleTale/Preview Content\"";
				DEVELOPMENT_TEAM = YW3FCY33TJ;
				GENERATE_INFOPLIST_FILE = YES;
				INFOPLIST_FILE = ScribbleTale/Info.plist;
				INFOPLIST_KEY_CFBundleIconName = AppIcon;
				INFOPLIST_KEY_ITSAppUsesNonExemptEncryption = NO;
				INFOPLIST_KEY_UIApplicationSceneManifest_Generation = YES;
				INFOPLIST_KEY_UIApplicationSupportsIndirectInputEvents = YES;
				INFOPLIST_KEY_UILaunchScreen_Generation = YES;
				INFOPLIST_KEY_UISupportedInterfaceOrientations_iPad = "UIInterfaceOrientationPortrait UIInterfaceOrientationPortraitUpsideDown UIInterfaceOrientationLandscapeLeft UIInterfaceOrientationLandscapeRight";
				INFOPLIST_KEY_UISupportedInterfaceOrientations_iPhone = UIInterfaceOrientationPortrait;
				LD_RUNPATH_SEARCH_PATHS = (
					"$(inherited)",
					"@executable_path/Frameworks",
				);
				MARKETING_VERSION = 1.0.0;
				PRODUCT_BUNDLE_IDENTIFIER = com.scribbletale.app;
				SDKROOT = iphoneos;
				SWIFT_EMIT_LOC_STRINGS = YES;
				SWIFT_STRICT_CONCURRENCY = complete;
				SWIFT_VERSION = 6.0;
				TARGETED_DEVICE_FAMILY = "1,2";
			};
			name = Release;
		};
/* End XCBuildConfiguration section */

/* Begin XCConfigurationList section */
		2DFD2C7681B949339A95EB6F /* Build configuration list for PBXNativeTarget "ScribbleTale" */ = {
			isa = XCConfigurationList;
			buildConfigurations = (
				43B7ECB6BF8E83DCF3F3C84E /* Debug */,
				BC5356B8BB9E02E42D55B10C /* Release */,
			);
			defaultConfigurationIsVisible = 0;
			defaultConfigurationName = Debug;
		};
		98F3F658937E55792A1E57D6 /* Build configuration list for PBXProject "ScribbleTale" */ = {
			isa = XCConfigurationList;
			buildConfigurations = (
				92196665F142A1E9740DE588 /* Debug */,
				2F4444EAD56B4468067322CD /* Release */,
			);
			defaultConfigurationIsVisible = 0;
			defaultConfigurationName = Debug;
		};
/* End XCConfigurationList section */

/* Begin XCRemoteSwiftPackageReference section */
		60D1A529753C24BE1E43F3C0 /* XCRemoteSwiftPackageReference "mlx-swift-lm" */ = {
			isa = XCRemoteSwiftPackageReference;
			repositoryURL = "https://github.com/ml-explore/mlx-swift-lm";
			requirement = {
				kind = upToNextMajorVersion;
				minimumVersion = 2.31.3;
			};
		};
/* End XCRemoteSwiftPackageReference section */

/* Begin XCSwiftPackageProductDependency section */
		562DB8F13D01DAD1BFA9A74C /* MLXLMCommon */ = {
			isa = XCSwiftPackageProductDependency;
			package = 60D1A529753C24BE1E43F3C0 /* XCRemoteSwiftPackageReference "mlx-swift-lm" */;
			productName = MLXLMCommon;
		};
		9CB6DA3920362ACD10599CB4 /* MLXLLM */ = {
			isa = XCSwiftPackageProductDependency;
			package = 60D1A529753C24BE1E43F3C0 /* XCRemoteSwiftPackageReference "mlx-swift-lm" */;
			productName = MLXLLM;
		};
/* End XCSwiftPackageProductDependency section */
	};
	rootObject = 43E1BFE224D3542C8AE2DC6F /* Project object */;
}
